
Microsoft Visual Studio Solution File, Format Version 12.00
# Visual Studio Version 17
VisualStudioVersion = 17.3.32825.248
MinimumVisualStudioVersion = 10.0.40219.1
Project("{FAE04EC0-301F-11D3-BF4B-00C04F79EFBC}") = "Functions", "Functions\Functions.csproj", "{4F4EBC1A-6FF6-4101-B401-4AB63D84A8CF}"
EndProject
Project("{FAE04EC0-301F-11D3-BF4B-00C04F79EFBC}") = "ArgumentsANDParameters", "ArgumentsANDParameters\ArgumentsANDParameters.csproj", "{BE8660B0-7EE8-4A17-9FEE-7AA0E0313B56}"
EndProject
Project("{FAE04EC0-301F-11D3-BF4B-00C04F79EFBC}") = "Calculator", "Calculator\Calculator.csproj", "{26C6319E-D0B0-4878-88D4-2DF74036F9C5}"
EndProject
Project("{FAE04EC0-301F-11D3-BF4B-00C04F79EFBC}") = "DiscountCalculator", "DiscountCalculator\DiscountCalculator.csproj", "{E8C7A900-444F-4E6F-9B12-20BF5E96FCD2}"
EndProject
Global
	GlobalSection(SolutionConfigurationPlatforms) = preSolution
		Debug|Any CPU = Debug|Any CPU
		Release|Any CPU = Release|Any CPU
	EndGlobalSection
	GlobalSection(ProjectConfigurationPlatforms) = postSolution
		{4F4EBC1A-6FF6-4101-B401-4AB63D84A8CF}.Debug|Any CPU.ActiveCfg = Debug|Any CPU
		{4F4EBC1A-6FF6-4101-B401-4AB63D84A8CF}.Debug|Any CPU.Build.0 = Debug|Any CPU
		{4F4EBC1A-6FF6-4101-B401-4AB63D84A8CF}.Release|Any CPU.ActiveCfg = Release|Any CPU
		{4F4EBC1A-6FF6-4101-B401-4AB63D84A8CF}.Release|Any CPU.Build.0 = Release|Any CPU
		{BE8660B0-7EE8-4A17-9FEE-7AA0E0313B56}.Debug|Any CPU.ActiveCfg = Debug|Any CPU
		{BE8660B0-7EE8-4A17-9FEE-7AA0E0313B56}.Debug|Any CPU.Build.0 = Debug|Any CPU
		{BE8660B0-7EE8-4A17-9FEE-7AA0E0313B56}.Release|Any CPU.ActiveCfg = Release|Any CPU
		{BE8660B0-7EE8-4A17-9FEE-7AA0E0313B56}.Release|Any CPU.Build.0 = Release|Any CPU
		{26C6319E-D0B0-4878-88D4-2DF74036F9C5}.Debug|Any CPU.ActiveCfg = Debug|Any CPU
		{26C6319E-D0B0-4878-88D4-2DF74036F9C5}.Debug|Any CPU.Build.0 = Debug|Any CPU
		{26C6319E-D0B0-4878-88D4-2DF74036F9C5}.Release|Any CPU.ActiveCfg = Release|Any CPU
		{26C6319E-D0B0-4878-88D4-2DF74036F9C5}.Release|Any CPU.Build.0 = Release|Any CPU
		{E8C7A900-444F-4E6F-9B12-20BF5E96FCD2}.Debug|Any CPU.ActiveCfg = Debug|Any CPU
		{E8C7A900-444F-4E6F-9B12-20BF5E96FCD2}.Debug|Any CPU.Build.0 = Debug|Any CPU
		{E8C7A900-444F-4E6F-9B12-20BF5E96FCD2}.Release|Any CPU.ActiveCfg = Release|Any CPU
		{E8C7A900-444F-4E6F-9B12-20BF5E96FCD2}.Release|Any CPU.Build.0 = Release|Any CPU
	EndGlobalSection
	GlobalSection(SolutionProperties) = preSolution
		HideSolutionNode = FALSE
	EndGlobalSection
	GlobalSection(ExtensibilityGlobals) = postSolution
		SolutionGuid = {14D5E327-CF23-4794-A08C-2EF7DBA1B594}
	EndGlobalSection
EndGlobal
